
Microsoft Visual Studio Solution File, Format Version 12.00
# Visual Studio Version 17
VisualStudioVersion = 17.7.34024.191
MinimumVisualStudioVersion = 10.0.40219.1
Project("{FAE04EC0-301F-11D3-BF4B-00C04F79EFBC}") = "FanControl.FanPico", "FanControl.FanPico.csproj", "{5D2F8A3C-1E4B-4F7D-9C6A-2B8E0D5F3A1C}"
EndProject
Global
	GlobalSection(SolutionConfigurationPlatforms) = preSolution
		Debug|Any CPU = Debug|Any CPU
		Release|Any CPU = Release|Any CPU
	EndGlobalSection
	GlobalSection(ProjectConfigurationPlatforms) = postSolution
		{5D2F8A3C-1E4B-4F7D-9C6A-2B8E0D5F3A1C}.Debug|Any CPU.ActiveCfg = Debug|Any CPU
		{5D2F8A3C-1E4B-4F7D-9C6A-2B8E0D5F3A1C}.Debug|Any CPU.Build.0 = Debug|Any CPU
		{5D2F8A3C-1E4B-4F7D-9C6A-2B8E0D5F3A1C}.Release|Any CPU.ActiveCfg = Release|Any CPU
		{5D2F8A3C-1E4B-4F7D-9C6A-2B8E0D5F3A1C}.Release|Any CPU.Build.0 = Release|Any CPU
	EndGlobalSection
	GlobalSection(SolutionProperties) = preSolution
		HideSolutionNode = FALSE
	EndGlobalSection
	GlobalSection(ExtensibilityGlobals) = postSolution
		SolutionGuid = {B4C9D2E7-8F1A-4B3C-A5D6-7E2F0B8C4A9D}
	EndGlobalSection
EndGlobal
